
Microsoft Visual Studio Solution File, Format Version 12.00
# Visual Studio Version 16
VisualStudioVersion = 16.0.30204.135
MinimumVisualStudioVersion = 10.0.40219.1
Project("{9A19103F-16F7-4668-BE54-9A1E7A4F7556}") = "TechSocialMedia", "TechSocialMedia\TechSocialMedia.csproj", "{56FD95BB-8A27-42E5-9A85-AB6C39BBFEAF}"
EndProject
Global
	GlobalSection(SolutionConfigurationPlatforms) = preSolution
		Debug|Any CPU = Debug|Any CPU
		Release|Any CPU = Release|Any CPU
	EndGlobalSection
	GlobalSection(ProjectConfigurationPlatforms) = postSolution
		{56FD95BB-8A27-42E5-9A85-AB6C39BBFEAF}.Debug|Any CPU.ActiveCfg = Debug|Any CPU
		{56FD95BB-8A27-42E5-9A85-AB6C39BBFEAF}.Debug|Any CPU.Build.0 = Debug|Any CPU
		{56FD95BB-8A27-42E5-9A85-AB6C39BBFEAF}.Release|Any CPU.ActiveCfg = Release|Any CPU
		{56FD95BB-8A27-42E5-9A85-AB6C39BBFEAF}.Release|Any CPU.Build.0 = Release|Any CPU
	EndGlobalSection
	GlobalSection(SolutionProperties) = preSolution
		HideSolutionNode = FALSE
	EndGlobalSection
	GlobalSection(ExtensibilityGlobals) = postSolution
		SolutionGuid = {97F82907-E1A1-49FC-8B6F-0553EF6892F7}
	EndGlobalSection
EndGlobal
